// !$*UTF8*$!
{
	archiveVersion = 1;
	classes = {
	};
	objectVersion = 56;
	objects = {

/* Begin PBXBuildFile section */
		FC1D585E2ACDD897008870E4 /* StudentDetailsView.swift in Sources */ = {isa = PBXBuildFile; fileRef = FC1D585D2ACDD897008870E4 /* StudentDetailsView.swift */; };
		FC3785DE2AC4A1CB0020419D /* CoreData_DemoApp.swift in Sources */ = {isa = PBXBuildFile; fileRef = FC3785DD2AC4A1CB0020419D /* CoreData_DemoApp.swift */; };
		FC3785E02AC4A1CB0020419D /* ContentView.swift in Sources */ = {isa = PBXBuildFile; fileRef = FC3785DF2AC4A1CB0020419D /* ContentView.swift */; };
		FC3785E22AC4A1CC0020419D /* Assets.xcassets in Resources */ = {isa = PBXBuildFile; fileRef = FC3785E12AC4A1CC0020419D /* Assets.xcassets */; };
		FC3785E52AC4A1CC0020419D /* Preview Assets.xcassets in Resources */ = {isa = PBXBuildFile; fileRef = FC3785E42AC4A1CC0020419D /* Preview Assets.xcassets */; };
		FC3785E72AC4A1CC0020419D /* Persistence.swift in Sources */ = {isa = PBXBuildFile; fileRef = FC3785E62AC4A1CC0020419D /* Persistence.swift */; };
		FC3785EA2AC4A1CC0020419D /* CoreData_Demo.xcdatamodeld in Sources */ = {isa = PBXBuildFile; fileRef = FC3785E82AC4A1CC0020419D /* CoreData_Demo.xcdatamodeld */; };
		FC3785F12AC4AF550020419D /* AddStudentView.swift in Sources */ = {isa = PBXBuildFile; fileRef = FC3785F02AC4AF550020419D /* AddStudentView.swift */; };
		FC3785F32AC4B64A0020419D /* DBHelper.swift in Sources */ = {isa = PBXBuildFile; fileRef = FC3785F22AC4B64A0020419D /* DBHelper.swift */; };
		FCB9FB5A2ACB3C940007850B /* MainView.swift in Sources */ = {isa = PBXBuildFile; fileRef = FCB9FB592ACB3C940007850B /* MainView.swift */; };
/* End PBXBuildFile section */

/* Begin PBXFileReference section */
		FC1D585D2ACDD897008870E4 /* StudentDetailsView.swift */ = {isa = PBXFileReference; lastKnownFileType = sourcecode.swift; path = StudentDetailsView.swift; sourceTree = "<group>"; };
		FC3785DA2AC4A1CB0020419D /* CoreData_Demo.app */ = {isa = PBXFileReference; explicitFileType = wrapper.application; includeInIndex = 0; path = CoreData_Demo.app; sourceTree = BUILT_PRODUCTS_DIR; };
		FC3785DD2AC4A1CB0020419D /* CoreData_DemoApp.swift */ = {isa = PBXFileReference; lastKnownFileType = sourcecode.swift; path = CoreData_DemoApp.swift; sourceTree = "<group>"; };
		FC3785DF2AC4A1CB0020419D /* ContentView.swift */ = {isa = PBXFileReference; lastKnownFileType = sourcecode.swift; path = ContentView.swift; sourceTree = "<group>"; };
		FC3785E12AC4A1CC0020419D /* Assets.xcassets */ = {isa = PBXFileReference; lastKnownFileType = folder.assetcatalog; path = Assets.xcassets; sourceTree = "<group>"; };
		FC3785E42AC4A1CC0020419D /* Preview Assets.xcassets */ = {isa = PBXFileReference; lastKnownFileType = folder.assetcatalog; path = "Preview Assets.xcassets"; sourceTree = "<group>"; };
		FC3785E62AC4A1CC0020419D /* Persistence.swift */ = {isa = PBXFileReference; lastKnownFileType = sourcecode.swift; path = Persistence.swift; sourceTree = "<group>"; };
		FC3785E92AC4A1CC0020419D /* CoreData_Demo.xcdatamodel */ = {isa = PBXFileReference; lastKnownFileType = wrapper.xcdatamodel; path = CoreData_Demo.xcdatamodel; sourceTree = "<group>"; };
		FC3785F02AC4AF550020419D /* AddStudentView.swift */ = {isa = PBXFileReference; lastKnownFileType = sourcecode.swift; path = AddStudentView.swift; sourceTree = "<group>"; };
		FC3785F22AC4B64A0020419D /* DBHelper.swift */ = {isa = PBXFileReference; lastKnownFileType = sourcecode.swift; path = DBHelper.swift; sourceTree = "<group>"; };
		FCB9FB592ACB3C940007850B /* MainView.swift */ = {isa = PBXFileReference; lastKnownFileType = sourcecode.swift; path = MainView.swift; sourceTree = "<group>"; };
/* End PBXFileReference section */

/* Begin PBXFrameworksBuildPhase section */
		FC3785D72AC4A1CB0020419D /* Frameworks */ = {
			isa = PBXFrameworksBuildPhase;
			buildActionMask = 2147483647;
			files = (
			);
			runOnlyForDeploymentPostprocessing = 0;
		};
/* End PBXFrameworksBuildPhase section */

/* Begin PBXGroup section */
		FC3785D12AC4A1CB0020419D = {
			isa = PBXGroup;
			children = (
				FC3785DC2AC4A1CB0020419D /* CoreData_Demo */,
				FC3785DB2AC4A1CB0020419D /* Products */,
			);
			sourceTree = "<group>";
		};
		FC3785DB2AC4A1CB0020419D /* Products */ = {
			isa = PBXGroup;
			children = (
				FC3785DA2AC4A1CB0020419D /* CoreData_Demo.app */,
			);
			name = Products;
			sourceTree = "<group>";
		};
		FC3785DC2AC4A1CB0020419D /* CoreData_Demo */ = {
			isa = PBXGroup;
			children = (
				FC3785DD2AC4A1CB0020419D /* CoreData_DemoApp.swift */,
				FC3785DF2AC4A1CB0020419D /* ContentView.swift */,
				FC3785E12AC4A1CC0020419D /* Assets.xcassets */,
				FC3785E62AC4A1CC0020419D /* Persistence.swift */,
				FC3785E82AC4A1CC0020419D /* CoreData_Demo.xcdatamodeld */,
				FC3785E32AC4A1CC0020419D /* Preview Content */,
				FC3785F02AC4AF550020419D /* AddStudentView.swift */,
				FC3785F22AC4B64A0020419D /* DBHelper.swift */,
				FCB9FB592ACB3C940007850B /* MainView.swift */,
				FC1D585D2ACDD897008870E4 /* StudentDetailsView.swift */,
			);
			path = CoreData_Demo;
			sourceTree = "<group>";
		};
		FC3785E32AC4A1CC0020419D /* Preview Content */ = {
			isa = PBXGroup;
			children = (
				FC3785E42AC4A1CC0020419D /* Preview Assets.xcassets */,
			);
			path = "Preview Content";
			sourceTree = "<group>";
		};
/* End PBXGroup section */

/* Begin PBXNativeTarget section */
		FC3785D92AC4A1CB0020419D /* CoreData_Demo */ = {
			isa = PBXNativeTarget;
			buildConfigurationList = FC3785ED2AC4A1CC0020419D /* Build configuration list for PBXNativeTarget "CoreData_Demo" */;
			buildPhases = (
				FC3785D62AC4A1CB0020419D /* Sources */,
				FC3785D72AC4A1CB0020419D /* Frameworks */,
				FC3785D82AC4A1CB0020419D /* Resources */,
			);
			buildRules = (
			);
			dependencies = (
			);
			name = CoreData_Demo;
			productName = CoreData_Demo;
			productReference = FC3785DA2AC4A1CB0020419D /* CoreData_Demo.app */;
			productType = "com.apple.product-type.application";
		};
/* End PBXNativeTarget section */

/* Begin PBXProject section */
		FC3785D22AC4A1CB0020419D /* Project object */ = {
			isa = PBXProject;
			attributes = {
				BuildIndependentTargetsInParallel = 1;
				LastSwiftUpdateCheck = 1430;
				LastUpgradeCheck = 1430;
				TargetAttributes = {
					FC3785D92AC4A1CB0020419D = {
						CreatedOnToolsVersion = 14.3.1;
					};
				};
			};
			buildConfigurationList = FC3785D52AC4A1CB0020419D /* Build configuration list for PBXProject "CoreData_Demo" */;
			compatibilityVersion = "Xcode 14.0";
			developmentRegion = en;
			hasScannedForEncodings = 0;
			knownRegions = (
				en,
				Base,
			);
			mainGroup = FC3785D12AC4A1CB0020419D;
			productRefGroup = FC3785DB2AC4A1CB0020419D /* Products */;
			projectDirPath = "";
			projectRoot = "";
			targets = (
				FC3785D92AC4A1CB0020419D /* CoreData_Demo */,
			);
		};
/* End PBXProject section */

/* Begin PBXResourcesBuildPhase section */
		FC3785D82AC4A1CB0020419D /* Resources */ = {
			isa = PBXResourcesBuildPhase;
			buildActionMask = 2147483647;
			files = (
				FC3785E52AC4A1CC0020419D /* Preview Assets.xcassets in Resources */,
				FC3785E22AC4A1CC0020419D /* Assets.xcassets in Resources */,
			);
			runOnlyForDeploymentPostprocessing = 0;
		};
/* End PBXResourcesBuildPhase section */

/* Begin PBXSourcesBuildPhase section */
		FC3785D62AC4A1CB0020419D /* Sources */ = {
			isa = PBXSourcesBuildPhase;
			buildActionMask = 2147483647;
			files = (
				FC3785E72AC4A1CC0020419D /* Persistence.swift in Sources */,
				FCB9FB5A2ACB3C940007850B /* MainView.swift in Sources */,
				FC3785F32AC4B64A0020419D /* DBHelper.swift in Sources */,
				FC1D585E2ACDD897008870E4 /* StudentDetailsView.swift in Sources */,
				FC3785EA2AC4A1CC0020419D /* CoreData_Demo.xcdatamodeld in Sources */,
				FC3785F12AC4AF550020419D /* AddStudentView.swift in Sources */,
				FC3785E02AC4A1CB0020419D /* ContentView.swift in Sources */,
				FC3785DE2AC4A1CB0020419D /* CoreData_DemoApp.swift in Sources */,
			);
			runOnlyForDeploymentPostprocessing = 0;
		};
/* End PBXSourcesBuildPhase section */

/* Begin XCBuildConfiguration section */
		FC3785EB2AC4A1CC0020419D /* Debug */ = {
			isa = XCBuildConfiguration;
			buildSettings = {
				ALWAYS_SEARCH_USER_PATHS = NO;
				CLANG_ANALYZER_NONNULL = YES;
				CLANG_ANALYZER_NUMBER_OBJECT_CONVERSION = YES_AGGRESSIVE;
				CLANG_CXX_LANGUAGE_STANDARD = "gnu++20";
				CLANG_ENABLE_MODULES = YES;
				CLANG_ENABLE_OBJC_ARC = YES;
				CLANG_ENABLE_OBJC_WEAK = YES;
				CLANG_WARN_BLOCK_CAPTURE_AUTORELEASING = YES;
				CLANG_WARN_BOOL_CONVERSION = YES;
				CLANG_WARN_COMMA = YES;
				CLANG_WARN_CONSTANT_CONVERSION = YES;
				CLANG_WARN_DEPRECATED_OBJC_IMPLEMENTATIONS = YES;
				CLANG_WARN_DIRECT_OBJC_ISA_USAGE = YES_ERROR;
				CLANG_WARN_DOCUMENTATION_COMMENTS = YES;
				CLANG_WARN_EMPTY_BODY = YES;
				CLANG_WARN_ENUM_CONVERSION = YES;
				CLANG_WARN_INFINITE_RECURSION = YES;
				CLANG_WARN_INT_CONVERSION = YES;
				CLANG_WARN_NON_LITERAL_NULL_CONVERSION = YES;
				CLANG_WARN_OBJC_IMPLICIT_RETAIN_SELF = YES;
				CLANG_WARN_OBJC_LITERAL_CONVERSION = YES;
				CLANG_WARN_OBJC_ROOT_CLASS = YES_ERROR;
				CLANG_WARN_QUOTED_INCLUDE_IN_FRAMEWORK_HEADER = YES;
				CLANG_WARN_RANGE_LOOP_ANALYSIS = YES;
				CLANG_WARN_STRICT_PROTOTYPES = YES;
				CLANG_WARN_SUSPICIOUS_MOVE = YES;
				CLANG_WARN_UNGUARDED_AVAILABILITY = YES_AGGRESSIVE;
				CLANG_WARN_UNREACHABLE_CODE = YES;
				CLANG_WARN__DUPLICATE_METHOD_MATCH = YES;
				COPY_PHASE_STRIP = NO;
				DEBUG_INFORMATION_FORMAT = dwarf;
				ENABLE_STRICT_OBJC_MSGSEND = YES;
				ENABLE_TESTABILITY = YES;
				GCC_C_LANGUAGE_STANDARD = gnu11;
				GCC_DYNAMIC_NO_PIC = NO;
				GCC_NO_COMMON_BLOCKS = YES;
				GCC_OPTIMIZATION_LEVEL = 0;
				GCC_PREPROCESSOR_DEFINITIONS = (
					"DEBUG=1",
					"$(inherited)",
				);
				GCC_WARN_64_TO_32_BIT_CONVERSION = YES;
				GCC_WARN_ABOUT_RETURN_TYPE = YES_ERROR;
				GCC_WARN_UNDECLARED_SELECTOR = YES;
				GCC_WARN_UNINITIALIZED_AUTOS = YES_AGGRESSIVE;
				GCC_WARN_UNUSED_FUNCTION = YES;
				GCC_WARN_UNUSED_VARIABLE = YES;
				IPHONEOS_DEPLOYMENT_TARGET = 16.4;
				MTL_ENABLE_DEBUG_INFO = INCLUDE_SOURCE;
				MTL_FAST_MATH = YES;
				ONLY_ACTIVE_ARCH = YES;
				SDKROOT = iphoneos;
				SWIFT_ACTIVE_COMPILATION_CONDITIONS = DEBUG;
				SWIFT_OPTIMIZATION_LEVEL = "-Onone";
			};
			name = Debug;
		};
		FC3785EC2AC4A1CC0020419D /* Release */ = {
			isa = XCBuildConfiguration;
			buildSettings = {
				ALWAYS_SEARCH_USER_PATHS = NO;
				CLANG_ANALYZER_NONNULL = YES;
				CLANG_ANALYZER_NUMBER_OBJECT_CONVERSION = YES_AGGRESSIVE;
				CLANG_CXX_LANGUAGE_STANDARD = "gnu++20";
				CLANG_ENABLE_MODULES = YES;
				CLANG_ENABLE_OBJC_ARC = YES;
				CLANG_ENABLE_OBJC_WEAK = YES;
				CLANG_WARN_BLOCK_CAPTURE_AUTORELEASING = YES;
				CLANG_WARN_BOOL_CONVERSION = YES;
				CLANG_WARN_COMMA = YES;
				CLANG_WARN_CONSTANT_CONVERSION = YES;
				CLANG_WARN_DEPRECATED_OBJC_IMPLEMENTATIONS = YES;
				CLANG_WARN_DIRECT_OBJC_ISA_USAGE = YES_ERROR;
				CLANG_WARN_DOCUMENTATION_COMMENTS = YES;
				CLANG_WARN_EMPTY_BODY = YES;
				CLANG_WARN_ENUM_CONVERSION = YES;
				CLANG_WARN_INFINITE_RECURSION = YES;
				CLANG_WARN_INT_CONVERSION = YES;
				CLANG_WARN_NON_LITERAL_NULL_CONVERSION = YES;
				CLANG_WARN_OBJC_IMPLICIT_RETAIN_SELF = YES;
				CLANG_WARN_OBJC_LITERAL_CONVERSION = YES;
				CLANG_WARN_OBJC_ROOT_CLASS = YES_ERROR;
				CLANG_WARN_QUOTED_INCLUDE_IN_FRAMEWORK_HEADER = YES;
				CLANG_WARN_RANGE_LOOP_ANALYSIS = YES;
				CLANG_WARN_STRICT_PROTOTYPES = YES;
				CLANG_WARN_SUSPICIOUS_MOVE = YES;
				CLANG_WARN_UNGUARDED_AVAILABILITY = YES_AGGRESSIVE;
				CLANG_WARN_UNREACHABLE_CODE = YES;
				CLANG_WARN__DUPLICATE_METHOD_MATCH = YES;
				COPY_PHASE_STRIP = NO;
				DEBUG_INFORMATION_FORMAT = "dwarf-with-dsym";
				ENABLE_NS_ASSERTIONS = NO;
				ENABLE_STRICT_OBJC_MSGSEND = YES;
				GCC_C_LANGUAGE_STANDARD = gnu11;
				GCC_NO_COMMON_BLOCKS = YES;
				GCC_WARN_64_TO_32_BIT_CONVERSION = YES;
				GCC_WARN_ABOUT_RETURN_TYPE = YES_ERROR;
				GCC_WARN_UNDECLARED_SELECTOR = YES;
				GCC_WARN_UNINITIALIZED_AUTOS = YES_AGGRESSIVE;
				GCC_WARN_UNUSED_FUNCTION = YES;
				GCC_WARN_UNUSED_VARIABLE = YES;
				IPHONEOS_DEPLOYMENT_TARGET = 16.4;
				MTL_ENABLE_DEBUG_INFO = NO;
				MTL_FAST_MATH = YES;
				SDKROOT = iphoneos;
				SWIFT_COMPILATION_MODE = wholemodule;
				SWIFT_OPTIMIZATION_LEVEL = "-O";
				VALIDATE_PRODUCT = YES;
			};
			name = Release;
		};
		FC3785EE2AC4A1CC0020419D /* Debug */ = {
			isa = XCBuildConfiguration;
			buildSettings = {
				ASSETCATALOG_COMPILER_APPICON_NAME = AppIcon;
				ASSETCATALOG_COMPILER_GLOBAL_ACCENT_COLOR_NAME = AccentColor;
				CODE_SIGN_STYLE = Automatic;
				CURRENT_PROJECT_VERSION = 1;
				DEVELOPMENT_ASSET_PATHS = "\"CoreData_Demo/Preview Content\"";
				DEVELOPMENT_TEAM = JW7GS74424;
				ENABLE_PREVIEWS = YES;
				GENERATE_INFOPLIST_FILE = YES;
				INFOPLIST_KEY_UIApplicationSceneManifest_Generation = YES;
				INFOPLIST_KEY_UIApplicationSupportsIndirectInputEvents = YES;
				INFOPLIST_KEY_UILaunchScreen_Generation = YES;
				INFOPLIST_KEY_UISupportedInterfaceOrientations_iPad = "UIInterfaceOrientationPortrait UIInterfaceOrientationPortraitUpsideDown UIInterfaceOrientationLandscapeLeft UIInterfaceOrientationLandscapeRight";
				INFOPLIST_KEY_UISupportedInterfaceOrientations_iPhone = "UIInterfaceOrientationPortrait UIInterfaceOrientationLandscapeLeft UIInterfaceOrientationLandscapeRight";
				LD_RUNPATH_SEARCH_PATHS = (
					"$(inherited)",
					"@executable_path/Frameworks",
				);
				MARKETING_VERSION = 1.0;
				PRODUCT_BUNDLE_IDENTIFIER = "arshdeep.CoreData-Demo";
				PRODUCT_NAME = "$(TARGET_NAME)";
				SWIFT_EMIT_LOC_STRINGS = YES;
				SWIFT_VERSION = 5.0;
				TARGETED_DEVICE_FAMILY = "1,2";
			};
			name = Debug;
		};
		FC3785EF2AC4A1CC0020419D /* Release */ = {
			isa = XCBuildConfiguration;
			buildSettings = {
				ASSETCATALOG_COMPILER_APPICON_NAME = AppIcon;
				ASSETCATALOG_COMPILER_GLOBAL_ACCENT_COLOR_NAME = AccentColor;
				CODE_SIGN_STYLE = Automatic;
				CURRENT_PROJECT_VERSION = 1;
				DEVELOPMENT_ASSET_PATHS = "\"CoreData_Demo/Preview Content\"";
				DEVELOPMENT_TEAM = JW7GS74424;
				ENABLE_PREVIEWS = YES;
				GENERATE_INFOPLIST_FILE = YES;
				INFOPLIST_KEY_UIApplicationSceneManifest_Generation = YES;
				INFOPLIST_KEY_UIApplicationSupportsIndirectInputEvents = YES;
				INFOPLIST_KEY_UILaunchScreen_Generation = YES;
				INFOPLIST_KEY_UISupportedInterfaceOrientations_iPad = "UIInterfaceOrientationPortrait UIInterfaceOrientationPortraitUpsideDown UIInterfaceOrientationLandscapeLeft UIInterfaceOrientationLandscapeRight";
				INFOPLIST_KEY_UISupportedInterfaceOrientations_iPhone = "UIInterfaceOrientationPortrait UIInterfaceOrientationLandscapeLeft UIInterfaceOrientationLandscapeRight";
				LD_RUNPATH_SEARCH_PATHS = (
					"$(inherited)",
					"@executable_path/Frameworks",
				);
				MARKETING_VERSION = 1.0;
				PRODUCT_BUNDLE_IDENTIFIER = "arshdeep.CoreData-Demo";
				PRODUCT_NAME = "$(TARGET_NAME)";
				SWIFT_EMIT_LOC_STRINGS = YES;
				SWIFT_VERSION = 5.0;
				TARGETED_DEVICE_FAMILY = "1,2";
			};
			name = Release;
		};
/* End XCBuildConfiguration section */

/* Begin XCConfigurationList section */
		FC3785D52AC4A1CB0020419D /* Build configuration list for PBXProject "CoreData_Demo" */ = {
			isa = XCConfigurationList;
			buildConfigurations = (
				FC3785EB2AC4A1CC0020419D /* Debug */,
				FC3785EC2AC4A1CC0020419D /* Release */,
			);
			defaultConfigurationIsVisible = 0;
			defaultConfigurationName = Release;
		};
		FC3785ED2AC4A1CC0020419D /* Build configuration list for PBXNativeTarget "CoreData_Demo" */ = {
			isa = XCConfigurationList;
			buildConfigurations = (
				FC3785EE2AC4A1CC0020419D /* Debug */,
				FC3785EF2AC4A1CC0020419D /* Release */,
			);
			defaultConfigurationIsVisible = 0;
			defaultConfigurationName = Release;
		};
/* End XCConfigurationList section */

/* Begin XCVersionGroup section */
		FC3785E82AC4A1CC0020419D /* CoreData_Demo.xcdatamodeld */ = {
			isa = XCVersionGroup;
			children = (
				FC3785E92AC4A1CC0020419D /* CoreData_Demo.xcdatamodel */,
			);
			currentVersion = FC3785E92AC4A1CC0020419D /* CoreData_Demo.xcdatamodel */;
			path = CoreData_Demo.xcdatamodeld;
			sourceTree = "<group>";
			versionGroupType = wrapper.xcdatamodel;
		};
/* End XCVersionGroup section */
	};
	rootObject = FC3785D22AC4A1CB0020419D /* Project object */;
}
